
Microsoft Visual Studio Solution File, Format Version 12.00
# Visual Studio Version 16
VisualStudioVersion = 16.0.30114.105
MinimumVisualStudioVersion = 10.0.40219.1
Project("{FAE04EC0-301F-11D3-BF4B-00C04F79EFBC}") = "network", "network\network.csproj", "{37D5FD8D-3FE8-4152-BCCC-B5A9D44F025D}"
EndProject
Global
	GlobalSection(SolutionConfigurationPlatforms) = preSolution
		Debug|Any CPU = Debug|Any CPU
		Release|Any CPU = Release|Any CPU
	EndGlobalSection
	GlobalSection(SolutionProperties) = preSolution
		HideSolutionNode = FALSE
	EndGlobalSection
	GlobalSection(ProjectConfigurationPlatforms) = postSolution
		{37D5FD8D-3FE8-4152-BCCC-B5A9D44F025D}.Debug|Any CPU.ActiveCfg = Debug|Any CPU
		{37D5FD8D-3FE8-4152-BCCC-B5A9D44F025D}.Debug|Any CPU.Build.0 = Debug|Any CPU
		{37D5FD8D-3FE8-4152-BCCC-B5A9D44F025D}.Release|Any CPU.ActiveCfg = Release|Any CPU
		{37D5FD8D-3FE8-4152-BCCC-B5A9D44F025D}.Release|Any CPU.Build.0 = Release|Any CPU
	EndGlobalSection
EndGlobal
